
Microsoft Visual Studio Solution File, Format Version 12.00
# Visual Studio Version 17
VisualStudioVersion = 17.11.35312.102
MinimumVisualStudioVersion = 10.0.40219.1
Project("{9A19103F-16F7-4668-BE54-9A1E7A4F7556}") = "GameStore.DAL", "GameStore.DAL\GameStore.DAL.csproj", "{8606ADA2-99D2-425D-821B-7574CD7E5695}"
EndProject
Project("{9A19103F-16F7-4668-BE54-9A1E7A4F7556}") = "GameStore.BL", "GameStore.BL\GameStore.BL.csproj", "{78D06DB7-BA9B-40AF-A5EB-437CE1E6E4D7}"
EndProject
Project("{9A19103F-16F7-4668-BE54-9A1E7A4F7556}") = "GameStore.MVC", "GameStore.PL\GameStore.MVC.csproj", "{25E64C9E-C51F-4CF4-A158-40EEA552B46F}"
EndProject
Global
	GlobalSection(SolutionConfigurationPlatforms) = preSolution
		Debug|Any CPU = Debug|Any CPU
		Release|Any CPU = Release|Any CPU
	EndGlobalSection
	GlobalSection(ProjectConfigurationPlatforms) = postSolution
		{8606ADA2-99D2-425D-821B-7574CD7E5695}.Debug|Any CPU.ActiveCfg = Debug|Any CPU
		{8606ADA2-99D2-425D-821B-7574CD7E5695}.Debug|Any CPU.Build.0 = Debug|Any CPU
		{8606ADA2-99D2-425D-821B-7574CD7E5695}.Release|Any CPU.ActiveCfg = Release|Any CPU
		{8606ADA2-99D2-425D-821B-7574CD7E5695}.Release|Any CPU.Build.0 = Release|Any CPU
		{78D06DB7-BA9B-40AF-A5EB-437CE1E6E4D7}.Debug|Any CPU.ActiveCfg = Debug|Any CPU
		{78D06DB7-BA9B-40AF-A5EB-437CE1E6E4D7}.Debug|Any CPU.Build.0 = Debug|Any CPU
		{78D06DB7-BA9B-40AF-A5EB-437CE1E6E4D7}.Release|Any CPU.ActiveCfg = Release|Any CPU
		{78D06DB7-BA9B-40AF-A5EB-437CE1E6E4D7}.Release|Any CPU.Build.0 = Release|Any CPU
		{25E64C9E-C51F-4CF4-A158-40EEA552B46F}.Debug|Any CPU.ActiveCfg = Debug|Any CPU
		{25E64C9E-C51F-4CF4-A158-40EEA552B46F}.Debug|Any CPU.Build.0 = Debug|Any CPU
		{25E64C9E-C51F-4CF4-A158-40EEA552B46F}.Release|Any CPU.ActiveCfg = Release|Any CPU
		{25E64C9E-C51F-4CF4-A158-40EEA552B46F}.Release|Any CPU.Build.0 = Release|Any CPU
	EndGlobalSection
	GlobalSection(SolutionProperties) = preSolution
		HideSolutionNode = FALSE
	EndGlobalSection
	GlobalSection(ExtensibilityGlobals) = postSolution
		SolutionGuid = {B323E26B-5FE3-4C12-A0D2-E3390FC45881}
	EndGlobalSection
EndGlobal
